# Code generated by scarb DO NOT EDIT.
version = 1

[[package]]
name = "achievement"
version = "0.0.0"
dependencies = [
 "dojo",
]

[[package]]
name = "arcade"
version = "0.0.0"
dependencies = [
 "achievement",
 "controller",
 "dojo",
 "dojo_cairo_test",
 "provider",
 "registry",
 "social",
]

[[package]]
name = "controller"
version = "0.0.0"
dependencies = [
 "dojo",
]

[[package]]
name = "dojo"
version = "1.4.0"
source = "git+https://github.com/dojoengine/dojo?tag=v1.4.0#22ef7101e84429f4f06fa634f927dd6ad2c48752"
dependencies = [
 "dojo_plugin",
]

[[package]]
name = "dojo_cairo_test"
version = "1.0.12"
source = "git+https://github.com/dojoengine/dojo?tag=v1.4.0#22ef7101e84429f4f06fa634f927dd6ad2c48752"
dependencies = [
 "dojo",
]

[[package]]
name = "dojo_plugin"
version = "2.9.4"
source = "git+https://github.com/dojoengine/dojo?tag=v1.4.0#22ef7101e84429f4f06fa634f927dd6ad2c48752"

[[package]]
name = "provider"
version = "0.0.0"
dependencies = [
 "dojo",
]

[[package]]
name = "registry"
version = "0.0.0"
dependencies = [
 "dojo",
]

[[package]]
name = "social"
version = "0.0.0"
dependencies = [
 "dojo",
 "registry",
]
