# Code generated by scarb DO NOT EDIT.
version = 1

[[package]]
name = "achievement"
version = "0.0.0"
dependencies = [
 "dojo",
]

[[package]]
name = "arcade"
version = "0.0.0"
dependencies = [
 "achievement",
 "controller",
 "dojo",
 "dojo_cairo_test",
 "provider",
 "registry",
 "social",
]

[[package]]
name = "controller"
version = "0.0.0"
dependencies = [
 "dojo",
]

[[package]]
name = "dojo"
version = "1.0.9"
source = "git+https://github.com/dojoengine/dojo?tag=v1.0.9#04b5f025d998eee19cd21d33bd8a992498a73160"
dependencies = [
 "dojo_plugin",
]

[[package]]
name = "dojo_cairo_test"
version = "1.0.0-rc.0"
source = "git+https://github.com/dojoengine/dojo?tag=v1.0.9#04b5f025d998eee19cd21d33bd8a992498a73160"
dependencies = [
 "dojo",
]

[[package]]
name = "dojo_plugin"
version = "2.8.4"
source = "git+https://github.com/dojoengine/dojo?tag=v1.0.9#04b5f025d998eee19cd21d33bd8a992498a73160"

[[package]]
name = "provider"
version = "0.0.0"
dependencies = [
 "dojo",
]

[[package]]
name = "registry"
version = "0.0.0"
dependencies = [
 "dojo",
]

[[package]]
name = "social"
version = "0.0.0"
dependencies = [
 "dojo",
 "registry",
]
